// !$*UTF8*$!
{
	archiveVersion = 1;
	classes = {
	};
	objectVersion = 50;
	objects = {

/* Begin PBXBuildFile section */
		16DBD02BAFDE9FBC48F8989C /* Pods_Flix_FlixUITests.framework in Frameworks */ = {isa = PBXBuildFile; fileRef = 40EFE8FAD9225624E45BD408 /* Pods_Flix_FlixUITests.framework */; };
		5DAB42B89A35512B43F3A3E5 /* Pods_Flix.framework in Frameworks */ = {isa = PBXBuildFile; fileRef = 2DE18892284CFFFF765FF2FE /* Pods_Flix.framework */; };
		9B96FFA625039278004A7FE9 /* MovieCell.swift in Sources */ = {isa = PBXBuildFile; fileRef = 9B96FFA525039278004A7FE9 /* MovieCell.swift */; };
		9BF74B9E2502382800EC65DA /* AppDelegate.swift in Sources */ = {isa = PBXBuildFile; fileRef = 9BF74B9D2502382800EC65DA /* AppDelegate.swift */; };
		9BF74BA02502382800EC65DA /* SceneDelegate.swift in Sources */ = {isa = PBXBuildFile; fileRef = 9BF74B9F2502382800EC65DA /* SceneDelegate.swift */; };
		9BF74BA52502382800EC65DA /* Main.storyboard in Resources */ = {isa = PBXBuildFile; fileRef = 9BF74BA32502382800EC65DA /* Main.storyboard */; };
		9BF74BA72502382B00EC65DA /* Assets.xcassets in Resources */ = {isa = PBXBuildFile; fileRef = 9BF74BA62502382B00EC65DA /* Assets.xcassets */; };
		9BF74BAA2502382B00EC65DA /* LaunchScreen.storyboard in Resources */ = {isa = PBXBuildFile; fileRef = 9BF74BA82502382B00EC65DA /* LaunchScreen.storyboard */; };
		9BF74BB52502382C00EC65DA /* FlixTests.swift in Sources */ = {isa = PBXBuildFile; fileRef = 9BF74BB42502382C00EC65DA /* FlixTests.swift */; };
		9BF74BC02502382C00EC65DA /* FlixUITests.swift in Sources */ = {isa = PBXBuildFile; fileRef = 9BF74BBF2502382C00EC65DA /* FlixUITests.swift */; };
		9BF74BCE2502D60D00EC65DA /* MoviesViewController.swift in Sources */ = {isa = PBXBuildFile; fileRef = 9BF74BCD2502D60D00EC65DA /* MoviesViewController.swift */; };
		F748EB01DBAE2B58230BF3CA /* Pods_FlixTests.framework in Frameworks */ = {isa = PBXBuildFile; fileRef = EC54B88E57DB900B4D625D4C /* Pods_FlixTests.framework */; };
/* End PBXBuildFile section */

/* Begin PBXContainerItemProxy section */
		9BF74BB12502382C00EC65DA /* PBXContainerItemProxy */ = {
			isa = PBXContainerItemProxy;
			containerPortal = 9BF74B922502382800EC65DA /* Project object */;
			proxyType = 1;
			remoteGlobalIDString = 9BF74B992502382800EC65DA;
			remoteInfo = Flix;
		};
		9BF74BBC2502382C00EC65DA /* PBXContainerItemProxy */ = {
			isa = PBXContainerItemProxy;
			containerPortal = 9BF74B922502382800EC65DA /* Project object */;
			proxyType = 1;
			remoteGlobalIDString = 9BF74B992502382800EC65DA;
			remoteInfo = Flix;
		};
/* End PBXContainerItemProxy section */

/* Begin PBXFileReference section */
		2433042D33DB1663747091F9 /* Pods-FlixTests.release.xcconfig */ = {isa = PBXFileReference; includeInIndex = 1; lastKnownFileType = text.xcconfig; name = "Pods-FlixTests.release.xcconfig"; path = "Target Support Files/Pods-FlixTests/Pods-FlixTests.release.xcconfig"; sourceTree = "<group>"; };
		27CFD38A1828B56BB298B424 /* Pods-FlixTests.debug.xcconfig */ = {isa = PBXFileReference; includeInIndex = 1; lastKnownFileType = text.xcconfig; name = "Pods-FlixTests.debug.xcconfig"; path = "Target Support Files/Pods-FlixTests/Pods-FlixTests.debug.xcconfig"; sourceTree = "<group>"; };
		2DE18892284CFFFF765FF2FE /* Pods_Flix.framework */ = {isa = PBXFileReference; explicitFileType = wrapper.framework; includeInIndex = 0; path = Pods_Flix.framework; sourceTree = BUILT_PRODUCTS_DIR; };
		40EFE8FAD9225624E45BD408 /* Pods_Flix_FlixUITests.framework */ = {isa = PBXFileReference; explicitFileType = wrapper.framework; includeInIndex = 0; path = Pods_Flix_FlixUITests.framework; sourceTree = BUILT_PRODUCTS_DIR; };
		658654618EA6B4334E6FB357 /* Pods-Flix-FlixUITests.debug.xcconfig */ = {isa = PBXFileReference; includeInIndex = 1; lastKnownFileType = text.xcconfig; name = "Pods-Flix-FlixUITests.debug.xcconfig"; path = "Target Support Files/Pods-Flix-FlixUITests/Pods-Flix-FlixUITests.debug.xcconfig"; sourceTree = "<group>"; };
		731A24C15CDD02E28E62FF74 /* Pods-Flix.debug.xcconfig */ = {isa = PBXFileReference; includeInIndex = 1; lastKnownFileType = text.xcconfig; name = "Pods-Flix.debug.xcconfig"; path = "Target Support Files/Pods-Flix/Pods-Flix.debug.xcconfig"; sourceTree = "<group>"; };
		9B96FFA525039278004A7FE9 /* MovieCell.swift */ = {isa = PBXFileReference; lastKnownFileType = sourcecode.swift; path = MovieCell.swift; sourceTree = "<group>"; };
		9BF74B9A2502382800EC65DA /* Flix.app */ = {isa = PBXFileReference; explicitFileType = wrapper.application; includeInIndex = 0; path = Flix.app; sourceTree = BUILT_PRODUCTS_DIR; };
		9BF74B9D2502382800EC65DA /* AppDelegate.swift */ = {isa = PBXFileReference; lastKnownFileType = sourcecode.swift; path = AppDelegate.swift; sourceTree = "<group>"; };
		9BF74B9F2502382800EC65DA /* SceneDelegate.swift */ = {isa = PBXFileReference; lastKnownFileType = sourcecode.swift; path = SceneDelegate.swift; sourceTree = "<group>"; };
		9BF74BA42502382800EC65DA /* Base */ = {isa = PBXFileReference; lastKnownFileType = file.storyboard; name = Base; path = Base.lproj/Main.storyboard; sourceTree = "<group>"; };
		9BF74BA62502382B00EC65DA /* Assets.xcassets */ = {isa = PBXFileReference; lastKnownFileType = folder.assetcatalog; path = Assets.xcassets; sourceTree = "<group>"; };
		9BF74BA92502382B00EC65DA /* Base */ = {isa = PBXFileReference; lastKnownFileType = file.storyboard; name = Base; path = Base.lproj/LaunchScreen.storyboard; sourceTree = "<group>"; };
		9BF74BAB2502382B00EC65DA /* Info.plist */ = {isa = PBXFileReference; lastKnownFileType = text.plist.xml; path = Info.plist; sourceTree = "<group>"; };
		9BF74BB02502382C00EC65DA /* FlixTests.xctest */ = {isa = PBXFileReference; explicitFileType = wrapper.cfbundle; includeInIndex = 0; path = FlixTests.xctest; sourceTree = BUILT_PRODUCTS_DIR; };
		9BF74BB42502382C00EC65DA /* FlixTests.swift */ = {isa = PBXFileReference; lastKnownFileType = sourcecode.swift; path = FlixTests.swift; sourceTree = "<group>"; };
		9BF74BB62502382C00EC65DA /* Info.plist */ = {isa = PBXFileReference; lastKnownFileType = text.plist.xml; path = Info.plist; sourceTree = "<group>"; };
		9BF74BBB2502382C00EC65DA /* FlixUITests.xctest */ = {isa = PBXFileReference; explicitFileType = wrapper.cfbundle; includeInIndex = 0; path = FlixUITests.xctest; sourceTree = BUILT_PRODUCTS_DIR; };
		9BF74BBF2502382C00EC65DA /* FlixUITests.swift */ = {isa = PBXFileReference; lastKnownFileType = sourcecode.swift; path = FlixUITests.swift; sourceTree = "<group>"; };
		9BF74BC12502382C00EC65DA /* Info.plist */ = {isa = PBXFileReference; lastKnownFileType = text.plist.xml; path = Info.plist; sourceTree = "<group>"; };
		9BF74BCD2502D60D00EC65DA /* MoviesViewController.swift */ = {isa = PBXFileReference; lastKnownFileType = sourcecode.swift; path = MoviesViewController.swift; sourceTree = "<group>"; };
		ABE9666F8A19C69DB2D48268 /* Pods-Flix.release.xcconfig */ = {isa = PBXFileReference; includeInIndex = 1; lastKnownFileType = text.xcconfig; name = "Pods-Flix.release.xcconfig"; path = "Target Support Files/Pods-Flix/Pods-Flix.release.xcconfig"; sourceTree = "<group>"; };
		EC54B88E57DB900B4D625D4C /* Pods_FlixTests.framework */ = {isa = PBXFileReference; explicitFileType = wrapper.framework; includeInIndex = 0; path = Pods_FlixTests.framework; sourceTree = BUILT_PRODUCTS_DIR; };
		F5AA0FCB2D2031AC55E60E77 /* Pods-Flix-FlixUITests.release.xcconfig */ = {isa = PBXFileReference; includeInIndex = 1; lastKnownFileType = text.xcconfig; name = "Pods-Flix-FlixUITests.release.xcconfig"; path = "Target Support Files/Pods-Flix-FlixUITests/Pods-Flix-FlixUITests.release.xcconfig"; sourceTree = "<group>"; };
/* End PBXFileReference section */

/* Begin PBXFrameworksBuildPhase section */
		9BF74B972502382800EC65DA /* Frameworks */ = {
			isa = PBXFrameworksBuildPhase;
			buildActionMask = 2147483647;
			files = (
				5DAB42B89A35512B43F3A3E5 /* Pods_Flix.framework in Frameworks */,
			);
			runOnlyForDeploymentPostprocessing = 0;
		};
		9BF74BAD2502382C00EC65DA /* Frameworks */ = {
			isa = PBXFrameworksBuildPhase;
			buildActionMask = 2147483647;
			files = (
				F748EB01DBAE2B58230BF3CA /* Pods_FlixTests.framework in Frameworks */,
			);
			runOnlyForDeploymentPostprocessing = 0;
		};
		9BF74BB82502382C00EC65DA /* Frameworks */ = {
			isa = PBXFrameworksBuildPhase;
			buildActionMask = 2147483647;
			files = (
				16DBD02BAFDE9FBC48F8989C /* Pods_Flix_FlixUITests.framework in Frameworks */,
			);
			runOnlyForDeploymentPostprocessing = 0;
		};
/* End PBXFrameworksBuildPhase section */

/* Begin PBXGroup section */
		9BF74B912502382800EC65DA = {
			isa = PBXGroup;
			children = (
				9BF74B9C2502382800EC65DA /* Flix */,
				9BF74BB32502382C00EC65DA /* FlixTests */,
				9BF74BBE2502382C00EC65DA /* FlixUITests */,
				9BF74B9B2502382800EC65DA /* Products */,
				F0808103BCEE9309141532A6 /* Pods */,
				E685294F5072BEEF8818D5EC /* Frameworks */,
			);
			sourceTree = "<group>";
		};
		9BF74B9B2502382800EC65DA /* Products */ = {
			isa = PBXGroup;
			children = (
				9BF74B9A2502382800EC65DA /* Flix.app */,
				9BF74BB02502382C00EC65DA /* FlixTests.xctest */,
				9BF74BBB2502382C00EC65DA /* FlixUITests.xctest */,
			);
			name = Products;
			sourceTree = "<group>";
		};
		9BF74B9C2502382800EC65DA /* Flix */ = {
			isa = PBXGroup;
			children = (
				9BF74B9D2502382800EC65DA /* AppDelegate.swift */,
				9BF74B9F2502382800EC65DA /* SceneDelegate.swift */,
				9BF74BA32502382800EC65DA /* Main.storyboard */,
				9BF74BA62502382B00EC65DA /* Assets.xcassets */,
				9BF74BA82502382B00EC65DA /* LaunchScreen.storyboard */,
				9BF74BAB2502382B00EC65DA /* Info.plist */,
				9BF74BCD2502D60D00EC65DA /* MoviesViewController.swift */,
				9B96FFA525039278004A7FE9 /* MovieCell.swift */,
			);
			path = Flix;
			sourceTree = "<group>";
		};
		9BF74BB32502382C00EC65DA /* FlixTests */ = {
			isa = PBXGroup;
			children = (
				9BF74BB42502382C00EC65DA /* FlixTests.swift */,
				9BF74BB62502382C00EC65DA /* Info.plist */,
			);
			path = FlixTests;
			sourceTree = "<group>";
		};
		9BF74BBE2502382C00EC65DA /* FlixUITests */ = {
			isa = PBXGroup;
			children = (
				9BF74BBF2502382C00EC65DA /* FlixUITests.swift */,
				9BF74BC12502382C00EC65DA /* Info.plist */,
			);
			path = FlixUITests;
			sourceTree = "<group>";
		};
		E685294F5072BEEF8818D5EC /* Frameworks */ = {
			isa = PBXGroup;
			children = (
				2DE18892284CFFFF765FF2FE /* Pods_Flix.framework */,
				40EFE8FAD9225624E45BD408 /* Pods_Flix_FlixUITests.framework */,
				EC54B88E57DB900B4D625D4C /* Pods_FlixTests.framework */,
			);
			name = Frameworks;
			sourceTree = "<group>";
		};
		F0808103BCEE9309141532A6 /* Pods */ = {
			isa = PBXGroup;
			children = (
				731A24C15CDD02E28E62FF74 /* Pods-Flix.debug.xcconfig */,
				ABE9666F8A19C69DB2D48268 /* Pods-Flix.release.xcconfig */,
				658654618EA6B4334E6FB357 /* Pods-Flix-FlixUITests.debug.xcconfig */,
				F5AA0FCB2D2031AC55E60E77 /* Pods-Flix-FlixUITests.release.xcconfig */,
				27CFD38A1828B56BB298B424 /* Pods-FlixTests.debug.xcconfig */,
				2433042D33DB1663747091F9 /* Pods-FlixTests.release.xcconfig */,
			);
			name = Pods;
			path = Pods;
			sourceTree = "<group>";
		};
/* End PBXGroup section */

/* Begin PBXNativeTarget section */
		9BF74B992502382800EC65DA /* Flix */ = {
			isa = PBXNativeTarget;
			buildConfigurationList = 9BF74BC42502382C00EC65DA /* Build configuration list for PBXNativeTarget "Flix" */;
			buildPhases = (
				E6C034696F7F93187FC2D97E /* [CP] Check Pods Manifest.lock */,
				9BF74B962502382800EC65DA /* Sources */,
				9BF74B972502382800EC65DA /* Frameworks */,
				9BF74B982502382800EC65DA /* Resources */,
				B7D723F94F4A634E8B78E953 /* [CP] Embed Pods Frameworks */,
			);
			buildRules = (
			);
			dependencies = (
			);
			name = Flix;
			productName = Flix;
			productReference = 9BF74B9A2502382800EC65DA /* Flix.app */;
			productType = "com.apple.product-type.application";
		};
		9BF74BAF2502382C00EC65DA /* FlixTests */ = {
			isa = PBXNativeTarget;
			buildConfigurationList = 9BF74BC72502382C00EC65DA /* Build configuration list for PBXNativeTarget "FlixTests" */;
			buildPhases = (
				B818428BAC485EBD08A930CC /* [CP] Check Pods Manifest.lock */,
				9BF74BAC2502382C00EC65DA /* Sources */,
				9BF74BAD2502382C00EC65DA /* Frameworks */,
				9BF74BAE2502382C00EC65DA /* Resources */,
			);
			buildRules = (
			);
			dependencies = (
				9BF74BB22502382C00EC65DA /* PBXTargetDependency */,
			);
			name = FlixTests;
			productName = FlixTests;
			productReference = 9BF74BB02502382C00EC65DA /* FlixTests.xctest */;
			productType = "com.apple.product-type.bundle.unit-test";
		};
		9BF74BBA2502382C00EC65DA /* FlixUITests */ = {
			isa = PBXNativeTarget;
			buildConfigurationList = 9BF74BCA2502382C00EC65DA /* Build configuration list for PBXNativeTarget "FlixUITests" */;
			buildPhases = (
				01C0F130C292E59BE8E11CA6 /* [CP] Check Pods Manifest.lock */,
				9BF74BB72502382C00EC65DA /* Sources */,
				9BF74BB82502382C00EC65DA /* Frameworks */,
				9BF74BB92502382C00EC65DA /* Resources */,
				0A75118D4C5E1FEF3EF58E43 /* [CP] Embed Pods Frameworks */,
			);
			buildRules = (
			);
			dependencies = (
				9BF74BBD2502382C00EC65DA /* PBXTargetDependency */,
			);
			name = FlixUITests;
			productName = FlixUITests;
			productReference = 9BF74BBB2502382C00EC65DA /* FlixUITests.xctest */;
			productType = "com.apple.product-type.bundle.ui-testing";
		};
/* End PBXNativeTarget section */

/* Begin PBXProject section */
		9BF74B922502382800EC65DA /* Project object */ = {
			isa = PBXProject;
			attributes = {
				LastSwiftUpdateCheck = 1130;
				LastUpgradeCheck = 1130;
				ORGANIZATIONNAME = "Xochitl Medina";
				TargetAttributes = {
					9BF74B992502382800EC65DA = {
						CreatedOnToolsVersion = 11.3.1;
					};
					9BF74BAF2502382C00EC65DA = {
						CreatedOnToolsVersion = 11.3.1;
						TestTargetID = 9BF74B992502382800EC65DA;
					};
					9BF74BBA2502382C00EC65DA = {
						CreatedOnToolsVersion = 11.3.1;
						TestTargetID = 9BF74B992502382800EC65DA;
					};
				};
			};
			buildConfigurationList = 9BF74B952502382800EC65DA /* Build configuration list for PBXProject "Flix" */;
			compatibilityVersion = "Xcode 9.3";
			developmentRegion = en;
			hasScannedForEncodings = 0;
			knownRegions = (
				en,
				Base,
			);
			mainGroup = 9BF74B912502382800EC65DA;
			productRefGroup = 9BF74B9B2502382800EC65DA /* Products */;
			projectDirPath = "";
			projectRoot = "";
			targets = (
				9BF74B992502382800EC65DA /* Flix */,
				9BF74BAF2502382C00EC65DA /* FlixTests */,
				9BF74BBA2502382C00EC65DA /* FlixUITests */,
			);
		};
/* End PBXProject section */

/* Begin PBXResourcesBuildPhase section */
		9BF74B982502382800EC65DA /* Resources */ = {
			isa = PBXResourcesBuildPhase;
			buildActionMask = 2147483647;
			files = (
				9BF74BAA2502382B00EC65DA /* LaunchScreen.storyboard in Resources */,
				9BF74BA72502382B00EC65DA /* Assets.xcassets in Resources */,
				9BF74BA52502382800EC65DA /* Main.storyboard in Resources */,
			);
			runOnlyForDeploymentPostprocessing = 0;
		};
		9BF74BAE2502382C00EC65DA /* Resources */ = {
			isa = PBXResourcesBuildPhase;
			buildActionMask = 2147483647;
			files = (
			);
			runOnlyForDeploymentPostprocessing = 0;
		};
		9BF74BB92502382C00EC65DA /* Resources */ = {
			isa = PBXResourcesBuildPhase;
			buildActionMask = 2147483647;
			files = (
			);
			runOnlyForDeploymentPostprocessing = 0;
		};
/* End PBXResourcesBuildPhase section */

/* Begin PBXShellScriptBuildPhase section */
		01C0F130C292E59BE8E11CA6 /* [CP] Check Pods Manifest.lock */ = {
			isa = PBXShellScriptBuildPhase;
			buildActionMask = 2147483647;
			files = (
			);
			inputFileListPaths = (
			);
			inputPaths = (
				"${PODS_PODFILE_DIR_PATH}/Podfile.lock",
				"${PODS_ROOT}/Manifest.lock",
			);
			name = "[CP] Check Pods Manifest.lock";
			outputFileListPaths = (
			);
			outputPaths = (
				"$(DERIVED_FILE_DIR)/Pods-Flix-FlixUITests-checkManifestLockResult.txt",
			);
			runOnlyForDeploymentPostprocessing = 0;
			shellPath = /bin/sh;
			shellScript = "diff \"${PODS_PODFILE_DIR_PATH}/Podfile.lock\" \"${PODS_ROOT}/Manifest.lock\" > /dev/null\nif [ $? != 0 ] ; then\n    # print error to STDERR\n    echo \"error: The sandbox is not in sync with the Podfile.lock. Run 'pod install' or update your CocoaPods installation.\" >&2\n    exit 1\nfi\n# This output is used by Xcode 'outputs' to avoid re-running this script phase.\necho \"SUCCESS\" > \"${SCRIPT_OUTPUT_FILE_0}\"\n";
			showEnvVarsInLog = 0;
		};
		0A75118D4C5E1FEF3EF58E43 /* [CP] Embed Pods Frameworks */ = {
			isa = PBXShellScriptBuildPhase;
			buildActionMask = 2147483647;
			files = (
			);
			inputFileListPaths = (
				"${PODS_ROOT}/Target Support Files/Pods-Flix-FlixUITests/Pods-Flix-FlixUITests-frameworks-${CONFIGURATION}-input-files.xcfilelist",
			);
			name = "[CP] Embed Pods Frameworks";
			outputFileListPaths = (
				"${PODS_ROOT}/Target Support Files/Pods-Flix-FlixUITests/Pods-Flix-FlixUITests-frameworks-${CONFIGURATION}-output-files.xcfilelist",
			);
			runOnlyForDeploymentPostprocessing = 0;
			shellPath = /bin/sh;
			shellScript = "\"${PODS_ROOT}/Target Support Files/Pods-Flix-FlixUITests/Pods-Flix-FlixUITests-frameworks.sh\"\n";
			showEnvVarsInLog = 0;
		};
		B7D723F94F4A634E8B78E953 /* [CP] Embed Pods Frameworks */ = {
			isa = PBXShellScriptBuildPhase;
			buildActionMask = 2147483647;
			files = (
			);
			inputFileListPaths = (
				"${PODS_ROOT}/Target Support Files/Pods-Flix/Pods-Flix-frameworks-${CONFIGURATION}-input-files.xcfilelist",
			);
			name = "[CP] Embed Pods Frameworks";
			outputFileListPaths = (
				"${PODS_ROOT}/Target Support Files/Pods-Flix/Pods-Flix-frameworks-${CONFIGURATION}-output-files.xcfilelist",
			);
			runOnlyForDeploymentPostprocessing = 0;
			shellPath = /bin/sh;
			shellScript = "\"${PODS_ROOT}/Target Support Files/Pods-Flix/Pods-Flix-frameworks.sh\"\n";
			showEnvVarsInLog = 0;
		};
		B818428BAC485EBD08A930CC /* [CP] Check Pods Manifest.lock */ = {
			isa = PBXShellScriptBuildPhase;
			buildActionMask = 2147483647;
			files = (
			);
			inputFileListPaths = (
			);
			inputPaths = (
				"${PODS_PODFILE_DIR_PATH}/Podfile.lock",
				"${PODS_ROOT}/Manifest.lock",
			);
			name = "[CP] Check Pods Manifest.lock";
			outputFileListPaths = (
			);
			outputPaths = (
				"$(DERIVED_FILE_DIR)/Pods-FlixTests-checkManifestLockResult.txt",
			);
			runOnlyForDeploymentPostprocessing = 0;
			shellPath = /bin/sh;
			shellScript = "diff \"${PODS_PODFILE_DIR_PATH}/Podfile.lock\" \"${PODS_ROOT}/Manifest.lock\" > /dev/null\nif [ $? != 0 ] ; then\n    # print error to STDERR\n    echo \"error: The sandbox is not in sync with the Podfile.lock. Run 'pod install' or update your CocoaPods installation.\" >&2\n    exit 1\nfi\n# This output is used by Xcode 'outputs' to avoid re-running this script phase.\necho \"SUCCESS\" > \"${SCRIPT_OUTPUT_FILE_0}\"\n";
			showEnvVarsInLog = 0;
		};
		E6C034696F7F93187FC2D97E /* [CP] Check Pods Manifest.lock */ = {
			isa = PBXShellScriptBuildPhase;
			buildActionMask = 2147483647;
			files = (
			);
			inputFileListPaths = (
			);
			inputPaths = (
				"${PODS_PODFILE_DIR_PATH}/Podfile.lock",
				"${PODS_ROOT}/Manifest.lock",
			);
			name = "[CP] Check Pods Manifest.lock";
			outputFileListPaths = (
			);
			outputPaths = (
				"$(DERIVED_FILE_DIR)/Pods-Flix-checkManifestLockResult.txt",
			);
			runOnlyForDeploymentPostprocessing = 0;
			shellPath = /bin/sh;
			shellScript = "diff \"${PODS_PODFILE_DIR_PATH}/Podfile.lock\" \"${PODS_ROOT}/Manifest.lock\" > /dev/null\nif [ $? != 0 ] ; then\n    # print error to STDERR\n    echo \"error: The sandbox is not in sync with the Podfile.lock. Run 'pod install' or update your CocoaPods installation.\" >&2\n    exit 1\nfi\n# This output is used by Xcode 'outputs' to avoid re-running this script phase.\necho \"SUCCESS\" > \"${SCRIPT_OUTPUT_FILE_0}\"\n";
			showEnvVarsInLog = 0;
		};
/* End PBXShellScriptBuildPhase section */

/* Begin PBXSourcesBuildPhase section */
		9BF74B962502382800EC65DA /* Sources */ = {
			isa = PBXSourcesBuildPhase;
			buildActionMask = 2147483647;
			files = (
				9BF74B9E2502382800EC65DA /* AppDelegate.swift in Sources */,
				9BF74BA02502382800EC65DA /* SceneDelegate.swift in Sources */,
				9B96FFA625039278004A7FE9 /* MovieCell.swift in Sources */,
				9BF74BCE2502D60D00EC65DA /* MoviesViewController.swift in Sources */,
			);
			runOnlyForDeploymentPostprocessing = 0;
		};
		9BF74BAC2502382C00EC65DA /* Sources */ = {
			isa = PBXSourcesBuildPhase;
			buildActionMask = 2147483647;
			files = (
				9BF74BB52502382C00EC65DA /* FlixTests.swift in Sources */,
			);
			runOnlyForDeploymentPostprocessing = 0;
		};
		9BF74BB72502382C00EC65DA /* Sources */ = {
			isa = PBXSourcesBuildPhase;
			buildActionMask = 2147483647;
			files = (
				9BF74BC02502382C00EC65DA /* FlixUITests.swift in Sources */,
			);
			runOnlyForDeploymentPostprocessing = 0;
		};
/* End PBXSourcesBuildPhase section */

/* Begin PBXTargetDependency section */
		9BF74BB22502382C00EC65DA /* PBXTargetDependency */ = {
			isa = PBXTargetDependency;
			target = 9BF74B992502382800EC65DA /* Flix */;
			targetProxy = 9BF74BB12502382C00EC65DA /* PBXContainerItemProxy */;
		};
		9BF74BBD2502382C00EC65DA /* PBXTargetDependency */ = {
			isa = PBXTargetDependency;
			target = 9BF74B992502382800EC65DA /* Flix */;
			targetProxy = 9BF74BBC2502382C00EC65DA /* PBXContainerItemProxy */;
		};
/* End PBXTargetDependency section */

/* Begin PBXVariantGroup section */
		9BF74BA32502382800EC65DA /* Main.storyboard */ = {
			isa = PBXVariantGroup;
			children = (
				9BF74BA42502382800EC65DA /* Base */,
			);
			name = Main.storyboard;
			sourceTree = "<group>";
		};
		9BF74BA82502382B00EC65DA /* LaunchScreen.storyboard */ = {
			isa = PBXVariantGroup;
			children = (
				9BF74BA92502382B00EC65DA /* Base */,
			);
			name = LaunchScreen.storyboard;
			sourceTree = "<group>";
		};
/* End PBXVariantGroup section */

/* Begin XCBuildConfiguration section */
		9BF74BC22502382C00EC65DA /* Debug */ = {
			isa = XCBuildConfiguration;
			buildSettings = {
				ALWAYS_SEARCH_USER_PATHS = NO;
				CLANG_ANALYZER_NONNULL = YES;
				CLANG_ANALYZER_NUMBER_OBJECT_CONVERSION = YES_AGGRESSIVE;
				CLANG_CXX_LANGUAGE_STANDARD = "gnu++14";
				CLANG_CXX_LIBRARY = "libc++";
				CLANG_ENABLE_MODULES = YES;
				CLANG_ENABLE_OBJC_ARC = YES;
				CLANG_ENABLE_OBJC_WEAK = YES;
				CLANG_WARN_BLOCK_CAPTURE_AUTORELEASING = YES;
				CLANG_WARN_BOOL_CONVERSION = YES;
				CLANG_WARN_COMMA = YES;
				CLANG_WARN_CONSTANT_CONVERSION = YES;
				CLANG_WARN_DEPRECATED_OBJC_IMPLEMENTATIONS = YES;
				CLANG_WARN_DIRECT_OBJC_ISA_USAGE = YES_ERROR;
				CLANG_WARN_DOCUMENTATION_COMMENTS = YES;
				CLANG_WARN_EMPTY_BODY = YES;
				CLANG_WARN_ENUM_CONVERSION = YES;
				CLANG_WARN_INFINITE_RECURSION = YES;
				CLANG_WARN_INT_CONVERSION = YES;
				CLANG_WARN_NON_LITERAL_NULL_CONVERSION = YES;
				CLANG_WARN_OBJC_IMPLICIT_RETAIN_SELF = YES;
				CLANG_WARN_OBJC_LITERAL_CONVERSION = YES;
				CLANG_WARN_OBJC_ROOT_CLASS = YES_ERROR;
				CLANG_WARN_RANGE_LOOP_ANALYSIS = YES;
				CLANG_WARN_STRICT_PROTOTYPES = YES;
				CLANG_WARN_SUSPICIOUS_MOVE = YES;
				CLANG_WARN_UNGUARDED_AVAILABILITY = YES_AGGRESSIVE;
				CLANG_WARN_UNREACHABLE_CODE = YES;
				CLANG_WARN__DUPLICATE_METHOD_MATCH = YES;
				COPY_PHASE_STRIP = NO;
				DEBUG_INFORMATION_FORMAT = dwarf;
				ENABLE_STRICT_OBJC_MSGSEND = YES;
				ENABLE_TESTABILITY = YES;
				GCC_C_LANGUAGE_STANDARD = gnu11;
				GCC_DYNAMIC_NO_PIC = NO;
				GCC_NO_COMMON_BLOCKS = YES;
				GCC_OPTIMIZATION_LEVEL = 0;
				GCC_PREPROCESSOR_DEFINITIONS = (
					"DEBUG=1",
					"$(inherited)",
				);
				GCC_WARN_64_TO_32_BIT_CONVERSION = YES;
				GCC_WARN_ABOUT_RETURN_TYPE = YES_ERROR;
				GCC_WARN_UNDECLARED_SELECTOR = YES;
				GCC_WARN_UNINITIALIZED_AUTOS = YES_AGGRESSIVE;
				GCC_WARN_UNUSED_FUNCTION = YES;
				GCC_WARN_UNUSED_VARIABLE = YES;
				IPHONEOS_DEPLOYMENT_TARGET = 13.2;
				MTL_ENABLE_DEBUG_INFO = INCLUDE_SOURCE;
				MTL_FAST_MATH = YES;
				ONLY_ACTIVE_ARCH = YES;
				SDKROOT = iphoneos;
				SWIFT_ACTIVE_COMPILATION_CONDITIONS = DEBUG;
				SWIFT_OPTIMIZATION_LEVEL = "-Onone";
			};
			name = Debug;
		};
		9BF74BC32502382C00EC65DA /* Release */ = {
			isa = XCBuildConfiguration;
			buildSettings = {
				ALWAYS_SEARCH_USER_PATHS = NO;
				CLANG_ANALYZER_NONNULL = YES;
				CLANG_ANALYZER_NUMBER_OBJECT_CONVERSION = YES_AGGRESSIVE;
				CLANG_CXX_LANGUAGE_STANDARD = "gnu++14";
				CLANG_CXX_LIBRARY = "libc++";
				CLANG_ENABLE_MODULES = YES;
				CLANG_ENABLE_OBJC_ARC = YES;
				CLANG_ENABLE_OBJC_WEAK = YES;
				CLANG_WARN_BLOCK_CAPTURE_AUTORELEASING = YES;
				CLANG_WARN_BOOL_CONVERSION = YES;
				CLANG_WARN_COMMA = YES;
				CLANG_WARN_CONSTANT_CONVERSION = YES;
				CLANG_WARN_DEPRECATED_OBJC_IMPLEMENTATIONS = YES;
				CLANG_WARN_DIRECT_OBJC_ISA_USAGE = YES_ERROR;
				CLANG_WARN_DOCUMENTATION_COMMENTS = YES;
				CLANG_WARN_EMPTY_BODY = YES;
				CLANG_WARN_ENUM_CONVERSION = YES;
				CLANG_WARN_INFINITE_RECURSION = YES;
				CLANG_WARN_INT_CONVERSION = YES;
				CLANG_WARN_NON_LITERAL_NULL_CONVERSION = YES;
				CLANG_WARN_OBJC_IMPLICIT_RETAIN_SELF = YES;
				CLANG_WARN_OBJC_LITERAL_CONVERSION = YES;
				CLANG_WARN_OBJC_ROOT_CLASS = YES_ERROR;
				CLANG_WARN_RANGE_LOOP_ANALYSIS = YES;
				CLANG_WARN_STRICT_PROTOTYPES = YES;
				CLANG_WARN_SUSPICIOUS_MOVE = YES;
				CLANG_WARN_UNGUARDED_AVAILABILITY = YES_AGGRESSIVE;
				CLANG_WARN_UNREACHABLE_CODE = YES;
				CLANG_WARN__DUPLICATE_METHOD_MATCH = YES;
				COPY_PHASE_STRIP = NO;
				DEBUG_INFORMATION_FORMAT = "dwarf-with-dsym";
				ENABLE_NS_ASSERTIONS = NO;
				ENABLE_STRICT_OBJC_MSGSEND = YES;
				GCC_C_LANGUAGE_STANDARD = gnu11;
				GCC_NO_COMMON_BLOCKS = YES;
				GCC_WARN_64_TO_32_BIT_CONVERSION = YES;
				GCC_WARN_ABOUT_RETURN_TYPE = YES_ERROR;
				GCC_WARN_UNDECLARED_SELECTOR = YES;
				GCC_WARN_UNINITIALIZED_AUTOS = YES_AGGRESSIVE;
				GCC_WARN_UNUSED_FUNCTION = YES;
				GCC_WARN_UNUSED_VARIABLE = YES;
				IPHONEOS_DEPLOYMENT_TARGET = 13.2;
				MTL_ENABLE_DEBUG_INFO = NO;
				MTL_FAST_MATH = YES;
				SDKROOT = iphoneos;
				SWIFT_COMPILATION_MODE = wholemodule;
				SWIFT_OPTIMIZATION_LEVEL = "-O";
				VALIDATE_PRODUCT = YES;
			};
			name = Release;
		};
		9BF74BC52502382C00EC65DA /* Debug */ = {
			isa = XCBuildConfiguration;
			baseConfigurationReference = 731A24C15CDD02E28E62FF74 /* Pods-Flix.debug.xcconfig */;
			buildSettings = {
				ASSETCATALOG_COMPILER_APPICON_NAME = AppIcon;
				CODE_SIGN_STYLE = Automatic;
				INFOPLIST_FILE = Flix/Info.plist;
				LD_RUNPATH_SEARCH_PATHS = (
					"$(inherited)",
					"@executable_path/Frameworks",
				);
				PRODUCT_BUNDLE_IDENTIFIER = xochitlmedinaarreola.Flix;
				PRODUCT_NAME = "$(TARGET_NAME)";
				SWIFT_VERSION = 5.0;
				TARGETED_DEVICE_FAMILY = "1,2";
			};
			name = Debug;
		};
		9BF74BC62502382C00EC65DA /* Release */ = {
			isa = XCBuildConfiguration;
			baseConfigurationReference = ABE9666F8A19C69DB2D48268 /* Pods-Flix.release.xcconfig */;
			buildSettings = {
				ASSETCATALOG_COMPILER_APPICON_NAME = AppIcon;
				CODE_SIGN_STYLE = Automatic;
				INFOPLIST_FILE = Flix/Info.plist;
				LD_RUNPATH_SEARCH_PATHS = (
					"$(inherited)",
					"@executable_path/Frameworks",
				);
				PRODUCT_BUNDLE_IDENTIFIER = xochitlmedinaarreola.Flix;
				PRODUCT_NAME = "$(TARGET_NAME)";
				SWIFT_VERSION = 5.0;
				TARGETED_DEVICE_FAMILY = "1,2";
			};
			name = Release;
		};
		9BF74BC82502382C00EC65DA /* Debug */ = {
			isa = XCBuildConfiguration;
			baseConfigurationReference = 27CFD38A1828B56BB298B424 /* Pods-FlixTests.debug.xcconfig */;
			buildSettings = {
				ALWAYS_EMBED_SWIFT_STANDARD_LIBRARIES = YES;
				BUNDLE_LOADER = "$(TEST_HOST)";
				CODE_SIGN_STYLE = Automatic;
				INFOPLIST_FILE = FlixTests/Info.plist;
				IPHONEOS_DEPLOYMENT_TARGET = 13.2;
				LD_RUNPATH_SEARCH_PATHS = (
					"$(inherited)",
					"@executable_path/Frameworks",
					"@loader_path/Frameworks",
				);
				PRODUCT_BUNDLE_IDENTIFIER = xochitlmedinaarreola.FlixTests;
				PRODUCT_NAME = "$(TARGET_NAME)";
				SWIFT_VERSION = 5.0;
				TARGETED_DEVICE_FAMILY = "1,2";
				TEST_HOST = "$(BUILT_PRODUCTS_DIR)/Flix.app/Flix";
			};
			name = Debug;
		};
		9BF74BC92502382C00EC65DA /* Release */ = {
			isa = XCBuildConfiguration;
			baseConfigurationReference = 2433042D33DB1663747091F9 /* Pods-FlixTests.release.xcconfig */;
			buildSettings = {
				ALWAYS_EMBED_SWIFT_STANDARD_LIBRARIES = YES;
				BUNDLE_LOADER = "$(TEST_HOST)";
				CODE_SIGN_STYLE = Automatic;
				INFOPLIST_FILE = FlixTests/Info.plist;
				IPHONEOS_DEPLOYMENT_TARGET = 13.2;
				LD_RUNPATH_SEARCH_PATHS = (
					"$(inherited)",
					"@executable_path/Frameworks",
					"@loader_path/Frameworks",
				);
				PRODUCT_BUNDLE_IDENTIFIER = xochitlmedinaarreola.FlixTests;
				PRODUCT_NAME = "$(TARGET_NAME)";
				SWIFT_VERSION = 5.0;
				TARGETED_DEVICE_FAMILY = "1,2";
				TEST_HOST = "$(BUILT_PRODUCTS_DIR)/Flix.app/Flix";
			};
			name = Release;
		};
		9BF74BCB2502382C00EC65DA /* Debug */ = {
			isa = XCBuildConfiguration;
			baseConfigurationReference = 658654618EA6B4334E6FB357 /* Pods-Flix-FlixUITests.debug.xcconfig */;
			buildSettings = {
				ALWAYS_EMBED_SWIFT_STANDARD_LIBRARIES = YES;
				CODE_SIGN_STYLE = Automatic;
				INFOPLIST_FILE = FlixUITests/Info.plist;
				LD_RUNPATH_SEARCH_PATHS = (
					"$(inherited)",
					"@executable_path/Frameworks",
					"@loader_path/Frameworks",
				);
				PRODUCT_BUNDLE_IDENTIFIER = xochitlmedinaarreola.FlixUITests;
				PRODUCT_NAME = "$(TARGET_NAME)";
				SWIFT_VERSION = 5.0;
				TARGETED_DEVICE_FAMILY = "1,2";
				TEST_TARGET_NAME = Flix;
			};
			name = Debug;
		};
		9BF74BCC2502382C00EC65DA /* Release */ = {
			isa = XCBuildConfiguration;
			baseConfigurationReference = F5AA0FCB2D2031AC55E60E77 /* Pods-Flix-FlixUITests.release.xcconfig */;
			buildSettings = {
				ALWAYS_EMBED_SWIFT_STANDARD_LIBRARIES = YES;
				CODE_SIGN_STYLE = Automatic;
				INFOPLIST_FILE = FlixUITests/Info.plist;
				LD_RUNPATH_SEARCH_PATHS = (
					"$(inherited)",
					"@executable_path/Frameworks",
					"@loader_path/Frameworks",
				);
				PRODUCT_BUNDLE_IDENTIFIER = xochitlmedinaarreola.FlixUITests;
				PRODUCT_NAME = "$(TARGET_NAME)";
				SWIFT_VERSION = 5.0;
				TARGETED_DEVICE_FAMILY = "1,2";
				TEST_TARGET_NAME = Flix;
			};
			name = Release;
		};
/* End XCBuildConfiguration section */

/* Begin XCConfigurationList section */
		9BF74B952502382800EC65DA /* Build configuration list for PBXProject "Flix" */ = {
			isa = XCConfigurationList;
			buildConfigurations = (
				9BF74BC22502382C00EC65DA /* Debug */,
				9BF74BC32502382C00EC65DA /* Release */,
			);
			defaultConfigurationIsVisible = 0;
			defaultConfigurationName = Release;
		};
		9BF74BC42502382C00EC65DA /* Build configuration list for PBXNativeTarget "Flix" */ = {
			isa = XCConfigurationList;
			buildConfigurations = (
				9BF74BC52502382C00EC65DA /* Debug */,
				9BF74BC62502382C00EC65DA /* Release */,
			);
			defaultConfigurationIsVisible = 0;
			defaultConfigurationName = Release;
		};
		9BF74BC72502382C00EC65DA /* Build configuration list for PBXNativeTarget "FlixTests" */ = {
			isa = XCConfigurationList;
			buildConfigurations = (
				9BF74BC82502382C00EC65DA /* Debug */,
				9BF74BC92502382C00EC65DA /* Release */,
			);
			defaultConfigurationIsVisible = 0;
			defaultConfigurationName = Release;
		};
		9BF74BCA2502382C00EC65DA /* Build configuration list for PBXNativeTarget "FlixUITests" */ = {
			isa = XCConfigurationList;
			buildConfigurations = (
				9BF74BCB2502382C00EC65DA /* Debug */,
				9BF74BCC2502382C00EC65DA /* Release */,
			);
			defaultConfigurationIsVisible = 0;
			defaultConfigurationName = Release;
		};
/* End XCConfigurationList section */
	};
	rootObject = 9BF74B922502382800EC65DA /* Project object */;
}
